// !$*UTF8*$!
{
	archiveVersion = 1;
	classes = {
	};
	objectVersion = 56;
	objects = {

/* Begin PBXBuildFile section */
		DDA72A8A2AC0B63E00439A54 /* SolitaireApp.swift in Sources */ = {isa = PBXBuildFile; fileRef = DDA72A892AC0B63E00439A54 /* SolitaireApp.swift */; };
		DDA72A8C2AC0B63E00439A54 /* GameView.swift in Sources */ = {isa = PBXBuildFile; fileRef = DDA72A8B2AC0B63E00439A54 /* GameView.swift */; };
		DDA72A8E2AC0B63F00439A54 /* Assets.xcassets in Resources */ = {isa = PBXBuildFile; fileRef = DDA72A8D2AC0B63F00439A54 /* Assets.xcassets */; };
		DDA72A912AC0B63F00439A54 /* Preview Assets.xcassets in Resources */ = {isa = PBXBuildFile; fileRef = DDA72A902AC0B63F00439A54 /* Preview Assets.xcassets */; };
		DDA72A982AC0D58100439A54 /* Game.swift in Sources */ = {isa = PBXBuildFile; fileRef = DDA72A972AC0D58100439A54 /* Game.swift */; };
		DDA72A9B2AC0EFA800439A54 /* Card.swift in Sources */ = {isa = PBXBuildFile; fileRef = DDA72A9A2AC0EFA800439A54 /* Card.swift */; };
		DDE23FE62AC31AB300A625DE /* GameViewModel.swift in Sources */ = {isa = PBXBuildFile; fileRef = DDE23FE52AC31AB300A625DE /* GameViewModel.swift */; };
		DDE23FEA2AC330F700A625DE /* CardView.swift in Sources */ = {isa = PBXBuildFile; fileRef = DDE23FE92AC330F700A625DE /* CardView.swift */; };
		DDE23FEE2AC3909400A625DE /* TableauView.swift in Sources */ = {isa = PBXBuildFile; fileRef = DDE23FED2AC3909400A625DE /* TableauView.swift */; };
		DDE23FF02AC4561E00A625DE /* DeckView.swift in Sources */ = {isa = PBXBuildFile; fileRef = DDE23FEF2AC4561E00A625DE /* DeckView.swift */; };
		DDE23FF22AC5888700A625DE /* FoundationsView.swift in Sources */ = {isa = PBXBuildFile; fileRef = DDE23FF12AC5888700A625DE /* FoundationsView.swift */; };
		DDE23FF42AC5943B00A625DE /* CardStackView.swift in Sources */ = {isa = PBXBuildFile; fileRef = DDE23FF32AC5943B00A625DE /* CardStackView.swift */; };
/* End PBXBuildFile section */

/* Begin PBXFileReference section */
		DDA72A862AC0B63E00439A54 /* Solitaire.app */ = {isa = PBXFileReference; explicitFileType = wrapper.application; includeInIndex = 0; path = Solitaire.app; sourceTree = BUILT_PRODUCTS_DIR; };
		DDA72A892AC0B63E00439A54 /* SolitaireApp.swift */ = {isa = PBXFileReference; lastKnownFileType = sourcecode.swift; path = SolitaireApp.swift; sourceTree = "<group>"; };
		DDA72A8B2AC0B63E00439A54 /* GameView.swift */ = {isa = PBXFileReference; lastKnownFileType = sourcecode.swift; path = GameView.swift; sourceTree = "<group>"; };
		DDA72A8D2AC0B63F00439A54 /* Assets.xcassets */ = {isa = PBXFileReference; lastKnownFileType = folder.assetcatalog; path = Assets.xcassets; sourceTree = "<group>"; };
		DDA72A902AC0B63F00439A54 /* Preview Assets.xcassets */ = {isa = PBXFileReference; lastKnownFileType = folder.assetcatalog; path = "Preview Assets.xcassets"; sourceTree = "<group>"; };
		DDA72A972AC0D58100439A54 /* Game.swift */ = {isa = PBXFileReference; lastKnownFileType = sourcecode.swift; path = Game.swift; sourceTree = "<group>"; };
		DDA72A9A2AC0EFA800439A54 /* Card.swift */ = {isa = PBXFileReference; lastKnownFileType = sourcecode.swift; path = Card.swift; sourceTree = "<group>"; };
		DDE23FE52AC31AB300A625DE /* GameViewModel.swift */ = {isa = PBXFileReference; lastKnownFileType = sourcecode.swift; path = GameViewModel.swift; sourceTree = "<group>"; };
		DDE23FE92AC330F700A625DE /* CardView.swift */ = {isa = PBXFileReference; lastKnownFileType = sourcecode.swift; path = CardView.swift; sourceTree = "<group>"; };
		DDE23FED2AC3909400A625DE /* TableauView.swift */ = {isa = PBXFileReference; lastKnownFileType = sourcecode.swift; path = TableauView.swift; sourceTree = "<group>"; };
		DDE23FEF2AC4561E00A625DE /* DeckView.swift */ = {isa = PBXFileReference; lastKnownFileType = sourcecode.swift; path = DeckView.swift; sourceTree = "<group>"; };
		DDE23FF12AC5888700A625DE /* FoundationsView.swift */ = {isa = PBXFileReference; lastKnownFileType = sourcecode.swift; path = FoundationsView.swift; sourceTree = "<group>"; };
		DDE23FF32AC5943B00A625DE /* CardStackView.swift */ = {isa = PBXFileReference; lastKnownFileType = sourcecode.swift; path = CardStackView.swift; sourceTree = "<group>"; };
/* End PBXFileReference section */

/* Begin PBXFrameworksBuildPhase section */
		DDA72A832AC0B63E00439A54 /* Frameworks */ = {
			isa = PBXFrameworksBuildPhase;
			buildActionMask = 2147483647;
			files = (
			);
			runOnlyForDeploymentPostprocessing = 0;
		};
/* End PBXFrameworksBuildPhase section */

/* Begin PBXGroup section */
		DDA72A7D2AC0B63E00439A54 = {
			isa = PBXGroup;
			children = (
				DDA72A882AC0B63E00439A54 /* Solitaire */,
				DDA72A872AC0B63E00439A54 /* Products */,
			);
			sourceTree = "<group>";
		};
		DDA72A872AC0B63E00439A54 /* Products */ = {
			isa = PBXGroup;
			children = (
				DDA72A862AC0B63E00439A54 /* Solitaire.app */,
			);
			name = Products;
			sourceTree = "<group>";
		};
		DDA72A882AC0B63E00439A54 /* Solitaire */ = {
			isa = PBXGroup;
			children = (
				DDE23FE42AC31A9400A625DE /* ViewModels */,
				DDA72A9C2AC1D8DA00439A54 /* Views */,
				DDA72A992AC0EF9A00439A54 /* Models */,
				DDA72A892AC0B63E00439A54 /* SolitaireApp.swift */,
				DDA72A8D2AC0B63F00439A54 /* Assets.xcassets */,
				DDA72A8F2AC0B63F00439A54 /* Preview Content */,
			);
			path = Solitaire;
			sourceTree = "<group>";
		};
		DDA72A8F2AC0B63F00439A54 /* Preview Content */ = {
			isa = PBXGroup;
			children = (
				DDA72A902AC0B63F00439A54 /* Preview Assets.xcassets */,
			);
			path = "Preview Content";
			sourceTree = "<group>";
		};
		DDA72A992AC0EF9A00439A54 /* Models */ = {
			isa = PBXGroup;
			children = (
				DDA72A972AC0D58100439A54 /* Game.swift */,
				DDA72A9A2AC0EFA800439A54 /* Card.swift */,
			);
			path = Models;
			sourceTree = "<group>";
		};
		DDA72A9C2AC1D8DA00439A54 /* Views */ = {
			isa = PBXGroup;
			children = (
				DDA72A8B2AC0B63E00439A54 /* GameView.swift */,
				DDE23FED2AC3909400A625DE /* TableauView.swift */,
				DDE23FE92AC330F700A625DE /* CardView.swift */,
				DDE23FEF2AC4561E00A625DE /* DeckView.swift */,
				DDE23FF12AC5888700A625DE /* FoundationsView.swift */,
				DDE23FF32AC5943B00A625DE /* CardStackView.swift */,
			);
			path = Views;
			sourceTree = "<group>";
		};
		DDE23FE42AC31A9400A625DE /* ViewModels */ = {
			isa = PBXGroup;
			children = (
				DDE23FE52AC31AB300A625DE /* GameViewModel.swift */,
			);
			path = ViewModels;
			sourceTree = "<group>";
		};
/* End PBXGroup section */

/* Begin PBXNativeTarget section */
		DDA72A852AC0B63E00439A54 /* Solitaire */ = {
			isa = PBXNativeTarget;
			buildConfigurationList = DDA72A942AC0B63F00439A54 /* Build configuration list for PBXNativeTarget "Solitaire" */;
			buildPhases = (
				DDA72A822AC0B63E00439A54 /* Sources */,
				DDA72A832AC0B63E00439A54 /* Frameworks */,
				DDA72A842AC0B63E00439A54 /* Resources */,
			);
			buildRules = (
			);
			dependencies = (
			);
			name = Solitaire;
			productName = Solitaire;
			productReference = DDA72A862AC0B63E00439A54 /* Solitaire.app */;
			productType = "com.apple.product-type.application";
		};
/* End PBXNativeTarget section */

/* Begin PBXProject section */
		DDA72A7E2AC0B63E00439A54 /* Project object */ = {
			isa = PBXProject;
			attributes = {
				BuildIndependentTargetsInParallel = 1;
				LastSwiftUpdateCheck = 1430;
				LastUpgradeCheck = 1430;
				TargetAttributes = {
					DDA72A852AC0B63E00439A54 = {
						CreatedOnToolsVersion = 14.3.1;
					};
				};
			};
			buildConfigurationList = DDA72A812AC0B63E00439A54 /* Build configuration list for PBXProject "Solitaire" */;
			compatibilityVersion = "Xcode 14.0";
			developmentRegion = en;
			hasScannedForEncodings = 0;
			knownRegions = (
				en,
				Base,
			);
			mainGroup = DDA72A7D2AC0B63E00439A54;
			productRefGroup = DDA72A872AC0B63E00439A54 /* Products */;
			projectDirPath = "";
			projectRoot = "";
			targets = (
				DDA72A852AC0B63E00439A54 /* Solitaire */,
			);
		};
/* End PBXProject section */

/* Begin PBXResourcesBuildPhase section */
		DDA72A842AC0B63E00439A54 /* Resources */ = {
			isa = PBXResourcesBuildPhase;
			buildActionMask = 2147483647;
			files = (
				DDA72A912AC0B63F00439A54 /* Preview Assets.xcassets in Resources */,
				DDA72A8E2AC0B63F00439A54 /* Assets.xcassets in Resources */,
			);
			runOnlyForDeploymentPostprocessing = 0;
		};
/* End PBXResourcesBuildPhase section */

/* Begin PBXSourcesBuildPhase section */
		DDA72A822AC0B63E00439A54 /* Sources */ = {
			isa = PBXSourcesBuildPhase;
			buildActionMask = 2147483647;
			files = (
				DDA72A8C2AC0B63E00439A54 /* GameView.swift in Sources */,
				DDE23FEE2AC3909400A625DE /* TableauView.swift in Sources */,
				DDA72A8A2AC0B63E00439A54 /* SolitaireApp.swift in Sources */,
				DDE23FF02AC4561E00A625DE /* DeckView.swift in Sources */,
				DDA72A982AC0D58100439A54 /* Game.swift in Sources */,
				DDE23FF42AC5943B00A625DE /* CardStackView.swift in Sources */,
				DDE23FF22AC5888700A625DE /* FoundationsView.swift in Sources */,
				DDE23FE62AC31AB300A625DE /* GameViewModel.swift in Sources */,
				DDE23FEA2AC330F700A625DE /* CardView.swift in Sources */,
				DDA72A9B2AC0EFA800439A54 /* Card.swift in Sources */,
			);
			runOnlyForDeploymentPostprocessing = 0;
		};
/* End PBXSourcesBuildPhase section */

/* Begin XCBuildConfiguration section */
		DDA72A922AC0B63F00439A54 /* Debug */ = {
			isa = XCBuildConfiguration;
			buildSettings = {
				ALWAYS_SEARCH_USER_PATHS = NO;
				CLANG_ANALYZER_NONNULL = YES;
				CLANG_ANALYZER_NUMBER_OBJECT_CONVERSION = YES_AGGRESSIVE;
				CLANG_CXX_LANGUAGE_STANDARD = "gnu++20";
				CLANG_ENABLE_MODULES = YES;
				CLANG_ENABLE_OBJC_ARC = YES;
				CLANG_ENABLE_OBJC_WEAK = YES;
				CLANG_WARN_BLOCK_CAPTURE_AUTORELEASING = YES;
				CLANG_WARN_BOOL_CONVERSION = YES;
				CLANG_WARN_COMMA = YES;
				CLANG_WARN_CONSTANT_CONVERSION = YES;
				CLANG_WARN_DEPRECATED_OBJC_IMPLEMENTATIONS = YES;
				CLANG_WARN_DIRECT_OBJC_ISA_USAGE = YES_ERROR;
				CLANG_WARN_DOCUMENTATION_COMMENTS = YES;
				CLANG_WARN_EMPTY_BODY = YES;
				CLANG_WARN_ENUM_CONVERSION = YES;
				CLANG_WARN_INFINITE_RECURSION = YES;
				CLANG_WARN_INT_CONVERSION = YES;
				CLANG_WARN_NON_LITERAL_NULL_CONVERSION = YES;
				CLANG_WARN_OBJC_IMPLICIT_RETAIN_SELF = YES;
				CLANG_WARN_OBJC_LITERAL_CONVERSION = YES;
				CLANG_WARN_OBJC_ROOT_CLASS = YES_ERROR;
				CLANG_WARN_QUOTED_INCLUDE_IN_FRAMEWORK_HEADER = YES;
				CLANG_WARN_RANGE_LOOP_ANALYSIS = YES;
				CLANG_WARN_STRICT_PROTOTYPES = YES;
				CLANG_WARN_SUSPICIOUS_MOVE = YES;
				CLANG_WARN_UNGUARDED_AVAILABILITY = YES_AGGRESSIVE;
				CLANG_WARN_UNREACHABLE_CODE = YES;
				CLANG_WARN__DUPLICATE_METHOD_MATCH = YES;
				COPY_PHASE_STRIP = NO;
				DEBUG_INFORMATION_FORMAT = dwarf;
				ENABLE_STRICT_OBJC_MSGSEND = YES;
				ENABLE_TESTABILITY = YES;
				GCC_C_LANGUAGE_STANDARD = gnu11;
				GCC_DYNAMIC_NO_PIC = NO;
				GCC_NO_COMMON_BLOCKS = YES;
				GCC_OPTIMIZATION_LEVEL = 0;
				GCC_PREPROCESSOR_DEFINITIONS = (
					"DEBUG=1",
					"$(inherited)",
				);
				GCC_WARN_64_TO_32_BIT_CONVERSION = YES;
				GCC_WARN_ABOUT_RETURN_TYPE = YES_ERROR;
				GCC_WARN_UNDECLARED_SELECTOR = YES;
				GCC_WARN_UNINITIALIZED_AUTOS = YES_AGGRESSIVE;
				GCC_WARN_UNUSED_FUNCTION = YES;
				GCC_WARN_UNUSED_VARIABLE = YES;
				IPHONEOS_DEPLOYMENT_TARGET = 16.4;
				MTL_ENABLE_DEBUG_INFO = INCLUDE_SOURCE;
				MTL_FAST_MATH = YES;
				ONLY_ACTIVE_ARCH = YES;
				SDKROOT = iphoneos;
				SWIFT_ACTIVE_COMPILATION_CONDITIONS = DEBUG;
				SWIFT_OPTIMIZATION_LEVEL = "-Onone";
			};
			name = Debug;
		};
		DDA72A932AC0B63F00439A54 /* Release */ = {
			isa = XCBuildConfiguration;
			buildSettings = {
				ALWAYS_SEARCH_USER_PATHS = NO;
				CLANG_ANALYZER_NONNULL = YES;
				CLANG_ANALYZER_NUMBER_OBJECT_CONVERSION = YES_AGGRESSIVE;
				CLANG_CXX_LANGUAGE_STANDARD = "gnu++20";
				CLANG_ENABLE_MODULES = YES;
				CLANG_ENABLE_OBJC_ARC = YES;
				CLANG_ENABLE_OBJC_WEAK = YES;
				CLANG_WARN_BLOCK_CAPTURE_AUTORELEASING = YES;
				CLANG_WARN_BOOL_CONVERSION = YES;
				CLANG_WARN_COMMA = YES;
				CLANG_WARN_CONSTANT_CONVERSION = YES;
				CLANG_WARN_DEPRECATED_OBJC_IMPLEMENTATIONS = YES;
				CLANG_WARN_DIRECT_OBJC_ISA_USAGE = YES_ERROR;
				CLANG_WARN_DOCUMENTATION_COMMENTS = YES;
				CLANG_WARN_EMPTY_BODY = YES;
				CLANG_WARN_ENUM_CONVERSION = YES;
				CLANG_WARN_INFINITE_RECURSION = YES;
				CLANG_WARN_INT_CONVERSION = YES;
				CLANG_WARN_NON_LITERAL_NULL_CONVERSION = YES;
				CLANG_WARN_OBJC_IMPLICIT_RETAIN_SELF = YES;
				CLANG_WARN_OBJC_LITERAL_CONVERSION = YES;
				CLANG_WARN_OBJC_ROOT_CLASS = YES_ERROR;
				CLANG_WARN_QUOTED_INCLUDE_IN_FRAMEWORK_HEADER = YES;
				CLANG_WARN_RANGE_LOOP_ANALYSIS = YES;
				CLANG_WARN_STRICT_PROTOTYPES = YES;
				CLANG_WARN_SUSPICIOUS_MOVE = YES;
				CLANG_WARN_UNGUARDED_AVAILABILITY = YES_AGGRESSIVE;
				CLANG_WARN_UNREACHABLE_CODE = YES;
				CLANG_WARN__DUPLICATE_METHOD_MATCH = YES;
				COPY_PHASE_STRIP = NO;
				DEBUG_INFORMATION_FORMAT = "dwarf-with-dsym";
				ENABLE_NS_ASSERTIONS = NO;
				ENABLE_STRICT_OBJC_MSGSEND = YES;
				GCC_C_LANGUAGE_STANDARD = gnu11;
				GCC_NO_COMMON_BLOCKS = YES;
				GCC_WARN_64_TO_32_BIT_CONVERSION = YES;
				GCC_WARN_ABOUT_RETURN_TYPE = YES_ERROR;
				GCC_WARN_UNDECLARED_SELECTOR = YES;
				GCC_WARN_UNINITIALIZED_AUTOS = YES_AGGRESSIVE;
				GCC_WARN_UNUSED_FUNCTION = YES;
				GCC_WARN_UNUSED_VARIABLE = YES;
				IPHONEOS_DEPLOYMENT_TARGET = 16.4;
				MTL_ENABLE_DEBUG_INFO = NO;
				MTL_FAST_MATH = YES;
				SDKROOT = iphoneos;
				SWIFT_COMPILATION_MODE = wholemodule;
				SWIFT_OPTIMIZATION_LEVEL = "-O";
				VALIDATE_PRODUCT = YES;
			};
			name = Release;
		};
		DDA72A952AC0B63F00439A54 /* Debug */ = {
			isa = XCBuildConfiguration;
			buildSettings = {
				ASSETCATALOG_COMPILER_APPICON_NAME = AppIcon;
				ASSETCATALOG_COMPILER_GLOBAL_ACCENT_COLOR_NAME = AccentColor;
				CODE_SIGN_STYLE = Automatic;
				CURRENT_PROJECT_VERSION = 1;
				DEVELOPMENT_ASSET_PATHS = "\"Solitaire/Preview Content\"";
				DEVELOPMENT_TEAM = ZC6427VGGN;
				ENABLE_PREVIEWS = YES;
				GENERATE_INFOPLIST_FILE = YES;
				INFOPLIST_KEY_UIApplicationSceneManifest_Generation = YES;
				INFOPLIST_KEY_UIApplicationSupportsIndirectInputEvents = YES;
				INFOPLIST_KEY_UILaunchScreen_Generation = YES;
				INFOPLIST_KEY_UISupportedInterfaceOrientations_iPad = "UIInterfaceOrientationPortrait UIInterfaceOrientationPortraitUpsideDown UIInterfaceOrientationLandscapeLeft UIInterfaceOrientationLandscapeRight";
				INFOPLIST_KEY_UISupportedInterfaceOrientations_iPhone = "UIInterfaceOrientationPortrait UIInterfaceOrientationLandscapeLeft UIInterfaceOrientationLandscapeRight";
				LD_RUNPATH_SEARCH_PATHS = (
					"$(inherited)",
					"@executable_path/Frameworks",
				);
				MARKETING_VERSION = 1.0;
				PRODUCT_BUNDLE_IDENTIFIER = com.jackwradford.Solitaire;
				PRODUCT_NAME = "$(TARGET_NAME)";
				SWIFT_EMIT_LOC_STRINGS = YES;
				SWIFT_VERSION = 5.0;
				TARGETED_DEVICE_FAMILY = "1,2";
			};
			name = Debug;
		};
		DDA72A962AC0B63F00439A54 /* Release */ = {
			isa = XCBuildConfiguration;
			buildSettings = {
				ASSETCATALOG_COMPILER_APPICON_NAME = AppIcon;
				ASSETCATALOG_COMPILER_GLOBAL_ACCENT_COLOR_NAME = AccentColor;
				CODE_SIGN_STYLE = Automatic;
				CURRENT_PROJECT_VERSION = 1;
				DEVELOPMENT_ASSET_PATHS = "\"Solitaire/Preview Content\"";
				DEVELOPMENT_TEAM = ZC6427VGGN;
				ENABLE_PREVIEWS = YES;
				GENERATE_INFOPLIST_FILE = YES;
				INFOPLIST_KEY_UIApplicationSceneManifest_Generation = YES;
				INFOPLIST_KEY_UIApplicationSupportsIndirectInputEvents = YES;
				INFOPLIST_KEY_UILaunchScreen_Generation = YES;
				INFOPLIST_KEY_UISupportedInterfaceOrientations_iPad = "UIInterfaceOrientationPortrait UIInterfaceOrientationPortraitUpsideDown UIInterfaceOrientationLandscapeLeft UIInterfaceOrientationLandscapeRight";
				INFOPLIST_KEY_UISupportedInterfaceOrientations_iPhone = "UIInterfaceOrientationPortrait UIInterfaceOrientationLandscapeLeft UIInterfaceOrientationLandscapeRight";
				LD_RUNPATH_SEARCH_PATHS = (
					"$(inherited)",
					"@executable_path/Frameworks",
				);
				MARKETING_VERSION = 1.0;
				PRODUCT_BUNDLE_IDENTIFIER = com.jackwradford.Solitaire;
				PRODUCT_NAME = "$(TARGET_NAME)";
				SWIFT_EMIT_LOC_STRINGS = YES;
				SWIFT_VERSION = 5.0;
				TARGETED_DEVICE_FAMILY = "1,2";
			};
			name = Release;
		};
/* End XCBuildConfiguration section */

/* Begin XCConfigurationList section */
		DDA72A812AC0B63E00439A54 /* Build configuration list for PBXProject "Solitaire" */ = {
			isa = XCConfigurationList;
			buildConfigurations = (
				DDA72A922AC0B63F00439A54 /* Debug */,
				DDA72A932AC0B63F00439A54 /* Release */,
			);
			defaultConfigurationIsVisible = 0;
			defaultConfigurationName = Release;
		};
		DDA72A942AC0B63F00439A54 /* Build configuration list for PBXNativeTarget "Solitaire" */ = {
			isa = XCConfigurationList;
			buildConfigurations = (
				DDA72A952AC0B63F00439A54 /* Debug */,
				DDA72A962AC0B63F00439A54 /* Release */,
			);
			defaultConfigurationIsVisible = 0;
			defaultConfigurationName = Release;
		};
/* End XCConfigurationList section */
	};
	rootObject = DDA72A7E2AC0B63E00439A54 /* Project object */;
}
